# This file is automatically @generated by Cargo.
# It is not intended for manual editing.
version = 4

[[package]]
name = "engage-il2cpp"
version = "0.1.0"
source = "git+https://github.com/DivineDragonFanClub/engage-il2cpp#1dcca509ce563298f7902149cd530b38955ed1ca"
dependencies = [
 "skyline",
 "unity2",
]

[[package]]
name = "lazy_static"
version = "1.5.0"
source = "registry+https://github.com/rust-lang/crates.io-index"
checksum = "bbd2bcb4c963f2ddae06a2efc7e9f3591312473c50c6685e1f298068316e66fe"

[[package]]
name = "lazysimd"
version = "0.1.0"
source = "registry+https://github.com/rust-lang/crates.io-index"
checksum = "835be3adea8395b2d81a7688c72ea6ddc958b311dbe8ecffcf07f321e242a3c3"

[[package]]
name = "learnskillwithequip"
version = "0.1.0"
dependencies = [
 "engage-il2cpp",
 "skyline",
 "unity2",
]

[[package]]
name = "libc-nnsdk"
version = "0.5.0"
source = "registry+https://github.com/rust-lang/crates.io-index"
checksum = "1256a11d163c7288d94909f8120ede53294d8c233df314b0e4f01cf0269707da"

[[package]]
name = "nnsdk"
version = "0.6.1"
source = "registry+https://github.com/rust-lang/crates.io-index"
checksum = "27692267bad39aba64dd4549de1ec63a22e41b6dd6b5ec99c7bf6dba175a14bd"
dependencies = [
 "libc-nnsdk",
]

[[package]]
name = "proc-macro2"
version = "1.0.106"
source = "registry+https://github.com/rust-lang/crates.io-index"
checksum = "8fd00f0bb2e90d81d1044c2b32617f68fcb9fa3bb7640c23e9c748e53fb30934"
dependencies = [
 "unicode-ident",
]

[[package]]
name = "quote"
version = "1.0.45"
source = "registry+https://github.com/rust-lang/crates.io-index"
checksum = "41f2619966050689382d2b44f664f4bc593e129785a36d6ee376ddf37259b924"
dependencies = [
 "proc-macro2",
]

[[package]]
name = "skyline"
version = "0.6.0"
source = "registry+https://github.com/rust-lang/crates.io-index"
checksum = "7b4c2c28cda0d198befe59479c593537fc306cabb61d32a9428fcd2725df35c6"
dependencies = [
 "libc-nnsdk",
 "nnsdk",
 "skyline_macro",
]

[[package]]
name = "skyline_macro"
version = "0.2.1"
source = "registry+https://github.com/rust-lang/crates.io-index"
checksum = "9c6ce616cf990bbff33e6dfdf47bfc0add2e5fca5ba3dbefda64c92bd9fc8068"
dependencies = [
 "lazy_static",
 "proc-macro2",
 "quote",
 "syn 1.0.109",
]

[[package]]
name = "syn"
version = "1.0.109"
source = "registry+https://github.com/rust-lang/crates.io-index"
checksum = "72b64191b275b66ffe2469e8af2c1cfe3bafa67b529ead792a6d0160888b4237"
dependencies = [
 "proc-macro2",
 "quote",
 "unicode-ident",
]

[[package]]
name = "syn"
version = "2.0.118"
source = "registry+https://github.com/rust-lang/crates.io-index"
checksum = "1b9ae57f904213ebb649ce6895b8a66c66f0203b9319718f69a5612a065b1422"
dependencies = [
 "proc-macro2",
 "quote",
 "unicode-ident",
]

[[package]]
name = "thiserror"
version = "1.0.69"
source = "registry+https://github.com/rust-lang/crates.io-index"
checksum = "b6aaf5339b578ea85b50e080feb250a3e8ae8cfcdff9a461c9ec2904bc923f52"
dependencies = [
 "thiserror-impl",
]

[[package]]
name = "thiserror-impl"
version = "1.0.69"
source = "registry+https://github.com/rust-lang/crates.io-index"
checksum = "4fee6c4efc90059e10f81e6d42c60a18f76588c3d74cb83a0b242a2b6c7504c1"
dependencies = [
 "proc-macro2",
 "quote",
 "syn 2.0.118",
]

[[package]]
name = "unicode-ident"
version = "1.0.24"
source = "registry+https://github.com/rust-lang/crates.io-index"
checksum = "e6e4313cd5fcd3dad5cafa179702e2b244f760991f45397d14d4ebf38247da75"

[[package]]
name = "unity-macro"
version = "0.1.0"
source = "git+https://github.com/DivineDragonFanClub/unity2#5b93310d98d0b0df2722382206c89ff9e19c88bf"
dependencies = [
 "proc-macro2",
 "quote",
 "venial",
]

[[package]]
name = "unity2"
version = "0.1.0"
source = "git+https://github.com/DivineDragonFanClub/unity2#5b93310d98d0b0df2722382206c89ff9e19c88bf"
dependencies = [
 "lazysimd",
 "skyline",
 "thiserror",
 "unity-macro",
]

[[package]]
name = "venial"
version = "0.6.1"
source = "registry+https://github.com/rust-lang/crates.io-index"
checksum = "9a42528baceab6c7784446df2a10f4185078c39bf73dc614f154353f1a6b1229"
dependencies = [
 "proc-macro2",
 "quote",
]
